{
    "_meta": {
        "hash": {
            "sha256": "fa6916b94214193c2c5e233fcd05e052499f5496180702fd0ef12b199e26f4c5"
        },
        "pipfile-spec": 6,
        "requires": {
            "python_version": "3.6"
        },
        "sources": [
            {
                "name": "pypi",
                "url": "https://pypi.python.org/simple",
                "verify_ssl": true
            }
        ]
    },
    "default": {
        "agithub": {
            "hashes": [
                "sha256:92b736276efc232c78e4f1705458a5bd82397d3035af31dba13141129fddd413"
            ],
            "index": "pypi",
            "version": "==2.1"
        },
        "tinydb": {
            "hashes": [
                "sha256:88793016ba94267e3606372e1564d4e797eae855acd5a48352011bfdcf8ee7ad",
                "sha256:ac9370ca9f0f93fb868e8a35b62685f4a0f50c0b6a851eacaa72a509ba4eeffc"
            ],
            "index": "pypi",
            "version": "==3.9.0.post1"
        }
    },
    "develop": {
        "pudb": {
            "hashes": [
                "sha256:8d8b974641b7a7a2a721af01c9dce5eac8e05a2ceebc2680725ba8eef1ca876e"
            ],
            "index": "pypi",
            "version": "==2018.1"
        },
        "pygments": {
            "hashes": [
                "sha256:78f3f434bcc5d6ee09020f92ba487f95ba50f1e3ef83ae96b9d5ffa1bab25c5d",
                "sha256:dbae1046def0efb574852fab9e90209b23f556367b5a320c0bcb871c77c3e8cc"
            ],
            "version": "==2.2.0"
        },
        "urwid": {
            "hashes": [
                "sha256:644d3e3900867161a2fc9287a9762753d66bd194754679adb26aede559bcccbc"
            ],
            "version": "==2.0.1"
        }
    }
}
