[[package]]
category = "main"
description = "A lightweight, transparent syntax for REST clients"
name = "agithub"
optional = false
python-versions = "*"
version = "2.2.2"

[[package]]
category = "main"
description = "Function decoration for backoff and retry"
name = "backoff"
optional = false
python-versions = ">=2.7, !=3.0.*, !=3.1.*, !=3.2.*, !=3.3.*, !=3.4.*"
version = "1.10.0"

[[package]]
category = "dev"
description = "A full-screen, console-based Python debugger"
name = "pudb"
optional = false
python-versions = "*"
version = "2018.1"

[package.dependencies]
pygments = ">=1.0"
urwid = ">=1.1.1"

[[package]]
category = "dev"
description = "Pygments is a syntax highlighting package written in Python."
name = "pygments"
optional = false
python-versions = ">=2.7, !=3.0.*, !=3.1.*, !=3.2.*, !=3.3.*, !=3.4.*"
version = "2.5.2"

[[package]]
category = "main"
description = "YAML parser and emitter for Python"
name = "pyyaml"
optional = false
python-versions = "*"
version = "3.13"

[[package]]
category = "main"
description = "TinyDB is a tiny, document oriented database optimized for your happiness :)"
name = "tinydb"
optional = false
python-versions = "*"
version = "3.15.1"

[[package]]
category = "dev"
description = "A full-featured console (xterm et al.) user interface library"
name = "urwid"
optional = false
python-versions = "*"
version = "2.1.0"

[metadata]
content-hash = "c96bed3b5f8535342884233a17a87744cfe1bd34410e3b4a5013ff71a13948ff"
python-versions = "^3.6"

[metadata.hashes]
agithub = ["321aa5fc688fde2970562b35c991881b69a13f57372d554a0fab184df85fa8a7", "5f50071536db0cc9611859e761d7c3dc6f951a8535029bf6af7fb22744b7e118"]
backoff = ["5e73e2cbe780e1915a204799dba0a01896f45f4385e636bcca7a0614d879d0cd", "b8fba021fac74055ac05eb7c7bfce4723aedde6cd0a504e5326bcb0bdd6d19a4"]
pudb = ["8d8b974641b7a7a2a721af01c9dce5eac8e05a2ceebc2680725ba8eef1ca876e"]
pygments = ["2a3fe295e54a20164a9df49c75fa58526d3be48e14aceba6d6b1e8ac0bfd6f1b", "98c8aa5a9f778fcd1026a17361ddaf7330d1b7c62ae97c3bb0ae73e0b9b6b0fe"]
pyyaml = ["3d7da3009c0f3e783b2c873687652d83b1bbfd5c88e9813fb7e5b03c0dd3108b", "3ef3092145e9b70e3ddd2c7ad59bdd0252a94dfe3949721633e41344de00a6bf", "40c71b8e076d0550b2e6380bada1f1cd1017b882f7e16f09a65be98e017f211a", "558dd60b890ba8fd982e05941927a3911dc409a63dcb8b634feaa0cda69330d3", "a7c28b45d9f99102fa092bb213aa12e0aaf9a6a1f5e395d36166639c1f96c3a1", "aa7dd4a6a427aed7df6fb7f08a580d68d9b118d90310374716ae90b710280af1", "bc558586e6045763782014934bfaf39d48b8ae85a2713117d16c39864085c613", "d46d7982b62e0729ad0175a9bc7e10a566fc07b224d2c79fafb5e032727eaa04", "d5eef459e30b09f5a098b9cea68bebfeb268697f78d647bd255a085371ac7f3f", "e01d3203230e1786cd91ccfdc8f8454c8069c91bee3962ad93b87a4b2860f537", "e170a9e6fcfd19021dd29845af83bb79236068bf5fd4df3327c1be18182b2531"]
tinydb = ["02ef39c07802e3f06e87d3d251f16c44336611fd9ddb4c9fcebf39933f4ba7f3", "804d131d070fc4315beb5821396abe0d84f483e55120dda73f12873ef5c27528"]
urwid = ["0896f36060beb6bf3801cb554303fef336a79661401797551ba106d23ab4cd86"]
